
Microsoft Visual Studio Solution File, Format Version 12.00
# Visual Studio 15
VisualStudioVersion = 15.0.28010.2003
MinimumVisualStudioVersion = 10.0.40219.1
Project("{FAE04EC0-301F-11D3-BF4B-00C04F79EFBC}") = "Capstone1", "Capstone1.csproj", "{01687F2F-CEE2-4786-B09A-8A7383A6D960}"
EndProject
Global
	GlobalSection(SolutionConfigurationPlatforms) = preSolution
		Debug|Any CPU = Debug|Any CPU
		Release|Any CPU = Release|Any CPU
	EndGlobalSection
	GlobalSection(ProjectConfigurationPlatforms) = postSolution
		{01687F2F-CEE2-4786-B09A-8A7383A6D960}.Debug|Any CPU.ActiveCfg = Debug|Any CPU
		{01687F2F-CEE2-4786-B09A-8A7383A6D960}.Debug|Any CPU.Build.0 = Debug|Any CPU
		{01687F2F-CEE2-4786-B09A-8A7383A6D960}.Release|Any CPU.ActiveCfg = Release|Any CPU
		{01687F2F-CEE2-4786-B09A-8A7383A6D960}.Release|Any CPU.Build.0 = Release|Any CPU
	EndGlobalSection
	GlobalSection(SolutionProperties) = preSolution
		HideSolutionNode = FALSE
	EndGlobalSection
	GlobalSection(ExtensibilityGlobals) = postSolution
		SolutionGuid = {0902ECDB-A6D4-479B-A536-E1FE9D4B8043}
	EndGlobalSection
EndGlobal
